
Microsoft Visual Studio Solution File, Format Version 12.00
# Visual Studio Version 17
VisualStudioVersion = 17.9.34728.123
MinimumVisualStudioVersion = 10.0.40219.1
Project("{FAE04EC0-301F-11D3-BF4B-00C04F79EFBC}") = "lab19", "lab19\lab19.csproj", "{22A8811C-3B7D-494A-A21A-F08392753A34}"
EndProject
Global
	GlobalSection(SolutionConfigurationPlatforms) = preSolution
		Debug|Any CPU = Debug|Any CPU
		Release|Any CPU = Release|Any CPU
	EndGlobalSection
	GlobalSection(ProjectConfigurationPlatforms) = postSolution
		{22A8811C-3B7D-494A-A21A-F08392753A34}.Debug|Any CPU.ActiveCfg = Debug|Any CPU
		{22A8811C-3B7D-494A-A21A-F08392753A34}.Debug|Any CPU.Build.0 = Debug|Any CPU
		{22A8811C-3B7D-494A-A21A-F08392753A34}.Release|Any CPU.ActiveCfg = Release|Any CPU
		{22A8811C-3B7D-494A-A21A-F08392753A34}.Release|Any CPU.Build.0 = Release|Any CPU
	EndGlobalSection
	GlobalSection(SolutionProperties) = preSolution
		HideSolutionNode = FALSE
	EndGlobalSection
	GlobalSection(ExtensibilityGlobals) = postSolution
		SolutionGuid = {3BEED4FC-AFED-4891-8167-7763E3B6C8A3}
	EndGlobalSection
EndGlobal
